
Microsoft Visual Studio Solution File, Format Version 12.00
# Visual Studio Version 17
VisualStudioVersion = 17.9.34723.18
MinimumVisualStudioVersion = 10.0.40219.1
Project("{9A19103F-16F7-4668-BE54-9A1E7A4F7556}") = "MediationAPIGateWay", "MediationAPIGateWay\MediationAPIGateWay.csproj", "{2FD60C82-81D6-430C-91C9-6D2B7496BC7D}"
EndProject
Project("{2150E333-8FDC-42A3-9474-1A3956D46DE8}") = "Infra", "Infra", "{171709E9-ADFC-4398-804F-34E05F44E1AC}"
EndProject
Project("{9A19103F-16F7-4668-BE54-9A1E7A4F7556}") = "카카오Infa", "..\..\KakaoInfa\kakaoInfa\kakaoInfa\카카오Infa.csproj", "{D519A408-F72A-48A4-9B9A-D2132E023491}"
EndProject
Project("{9A19103F-16F7-4668-BE54-9A1E7A4F7556}") = "토스Infa", "..\..\TossInfra\TossInfa\토스Infa.csproj", "{DAC18B7D-771F-4C61-A590-C38555C55FEA}"
EndProject
Project("{9A19103F-16F7-4668-BE54-9A1E7A4F7556}") = "네이버Infra", "..\..\CommonManagement\NaverCommon\네이버Infra.csproj", "{CE0EBE25-1FE5-4B92-986E-148AFC48167D}"
EndProject
Project("{2150E333-8FDC-42A3-9474-1A3956D46DE8}") = "공공데이터", "공공데이터", "{C4D57980-0367-4AB5-99D5-7700BD699DC6}"
EndProject
Project("{9A19103F-16F7-4668-BE54-9A1E7A4F7556}") = "농림축산식품Infra", "..\..\Korea-Agriculture--Forestry-and-Fisheries-Public-Data\농림축산식품 공공데이터\농림축산식품Infra.csproj", "{116B4948-0563-4EB1-8B7C-6A9652ED08E5}"
EndProject
Project("{9A19103F-16F7-4668-BE54-9A1E7A4F7556}") = "전통시장Infra", "..\..\CommonHouse\국토교통부 공동주택 공공데이터\전통시장Infra\전통시장Infra.csproj", "{870EBCCC-A64D-49E6-A80E-1C522E7DFCD3}"
EndProject
Project("{9A19103F-16F7-4668-BE54-9A1E7A4F7556}") = "공동주택Infra", "..\..\CommonHouse\국토교통부 공동주택 공공데이터\국토교통부 공공데이터Common\공동주택Infra.csproj", "{77CF0080-9AEA-4C28-B8CE-61DB0A9A219D}"
EndProject
Project("{2150E333-8FDC-42A3-9474-1A3956D46DE8}") = "플랫폼", "플랫폼", "{4C2051F5-D880-4C53-A601-74E9C86FA859}"
EndProject
Project("{9A19103F-16F7-4668-BE54-9A1E7A4F7556}") = "CommandServer", "CommandServer\CommandServer.csproj", "{4B200A8A-CBBA-426B-B098-1FE998BB54C3}"
EndProject
Project("{2150E333-8FDC-42A3-9474-1A3956D46DE8}") = "仁", "仁", "{64778AA7-BAD5-411F-A882-34E931F2379A}"
EndProject
Project("{9A19103F-16F7-4668-BE54-9A1E7A4F7556}") = "仁주문자", "..\..\OrdererManagement\OrderCommon\仁주문자\仁주문자.csproj", "{2C1C2B01-95F7-4F92-A2AD-B9623B9762FA}"
EndProject
Project("{9A19103F-16F7-4668-BE54-9A1E7A4F7556}") = "仁생산자", "仁생산자\仁생산자.csproj", "{28D6CBFA-FA42-4EE9-989E-E25F264256A9}"
EndProject
Project("{9A19103F-16F7-4668-BE54-9A1E7A4F7556}") = "仁배송자", "仁배송자\仁배송자.csproj", "{35F9A61E-B780-49B6-9503-28C7BB3B585B}"
EndProject
Project("{9A19103F-16F7-4668-BE54-9A1E7A4F7556}") = "IdentityServer", "..\..\AccountManagement\계정관리\IdentityServerSample\IdentityServer.csproj", "{1030462A-E35A-4961-9103-A96EC02AF363}"
EndProject
Project("{2150E333-8FDC-42A3-9474-1A3956D46DE8}") = "업무", "업무", "{35C2AF94-6479-458E-9DDC-DDEB006BB5BF}"
EndProject
Project("{9A19103F-16F7-4668-BE54-9A1E7A4F7556}") = "Common", "..\..\CommonManagement\Common\Common.csproj", "{38BDE365-9AD9-4370-A883-6395EB0881CB}"
EndProject
Project("{9A19103F-16F7-4668-BE54-9A1E7A4F7556}") = "仁Common", "仁Common\仁Common.csproj", "{7110A223-17F1-4109-8341-FBED60467A1E}"
EndProject
Project("{9A19103F-16F7-4668-BE54-9A1E7A4F7556}") = "배송Infra", "..\..\DeliverManagement\배송Common\배송Infra\배송Infra\배송Infra.csproj", "{5F9D9A11-1FD1-4023-8EC9-1A832EEE17F3}"
EndProject
Project("{9A19103F-16F7-4668-BE54-9A1E7A4F7556}") = "창고Infra", "..\..\WarehouseCommon\WarehouseCommon\창고Infra.csproj", "{F2DD15DA-9955-4939-8156-D874FBD76402}"
EndProject
Project("{9A19103F-16F7-4668-BE54-9A1E7A4F7556}") = "생산Infra", "생산Infra\생산Infra.csproj", "{333A7AE9-2158-4506-B5F1-5B4055CE87C5}"
EndProject
Project("{9A19103F-16F7-4668-BE54-9A1E7A4F7556}") = "주문Infra", "주문Infra\주문Infra.csproj", "{0CA89553-0901-42F8-A108-395096A612AB}"
EndProject
Project("{9A19103F-16F7-4668-BE54-9A1E7A4F7556}") = "仁중재자", "仁중재자\仁중재자.csproj", "{DD686841-3833-418D-AAC7-EA822895E5B9}"
EndProject
Project("{9A19103F-16F7-4668-BE54-9A1E7A4F7556}") = "주문자WebApp", "주문자WebApp\주문자WebApp.csproj", "{ED5EA479-9514-424E-B6E5-36CA20F2E175}"
EndProject
Project("{9A19103F-16F7-4668-BE54-9A1E7A4F7556}") = "상품Infra", "상품Infra\상품Infra.csproj", "{296C3558-F4E2-479B-AFBB-F34C89065D3D}"
EndProject
Project("{9A19103F-16F7-4668-BE54-9A1E7A4F7556}") = "仁농협", "仁인력관리업체\仁농협.csproj", "{A26E88E6-23A7-4449-AF0E-45F9BCAF15C1}"
EndProject
Project("{9A19103F-16F7-4668-BE54-9A1E7A4F7556}") = "근로Infra", "근로Domain\근로Infra.csproj", "{622EB834-1F74-4CE8-BF9E-F4B91F0732FB}"
EndProject
Project("{9A19103F-16F7-4668-BE54-9A1E7A4F7556}") = "仁근로자", "仁근로자\仁근로자.csproj", "{DEF9821C-B3E7-4289-834B-6174F071D7A1}"
EndProject
Project("{9A19103F-16F7-4668-BE54-9A1E7A4F7556}") = "매칭Infra", "매칭Infra\매칭Infra.csproj", "{1E1DF5F8-8C77-4EA1-971D-E275621352E7}"
EndProject
Project("{9A19103F-16F7-4668-BE54-9A1E7A4F7556}") = "셔틀Infra", "셔틀Infra\셔틀Infra.csproj", "{C58D6432-00F5-4F48-8133-9A508358E1A3}"
EndProject
Project("{9A19103F-16F7-4668-BE54-9A1E7A4F7556}") = "仁매칭자", "仁매칭자\仁매칭자.csproj", "{7489E16D-6F0A-45C6-8E52-4CF7FC4BC556}"
EndProject
Project("{FAE04EC0-301F-11D3-BF4B-00C04F79EFBC}") = "판매Infra", "판매Infra\판매Infra.csproj", "{46AA222B-F34E-4552-A6F9-7B679D6BFF31}"
EndProject
Global
	GlobalSection(SolutionConfigurationPlatforms) = preSolution
		Debug|Any CPU = Debug|Any CPU
		Release|Any CPU = Release|Any CPU
	EndGlobalSection
	GlobalSection(ProjectConfigurationPlatforms) = postSolution
		{2FD60C82-81D6-430C-91C9-6D2B7496BC7D}.Debug|Any CPU.ActiveCfg = Debug|Any CPU
		{2FD60C82-81D6-430C-91C9-6D2B7496BC7D}.Debug|Any CPU.Build.0 = Debug|Any CPU
		{2FD60C82-81D6-430C-91C9-6D2B7496BC7D}.Release|Any CPU.ActiveCfg = Release|Any CPU
		{2FD60C82-81D6-430C-91C9-6D2B7496BC7D}.Release|Any CPU.Build.0 = Release|Any CPU
		{D519A408-F72A-48A4-9B9A-D2132E023491}.Debug|Any CPU.ActiveCfg = Debug|Any CPU
		{D519A408-F72A-48A4-9B9A-D2132E023491}.Debug|Any CPU.Build.0 = Debug|Any CPU
		{D519A408-F72A-48A4-9B9A-D2132E023491}.Release|Any CPU.ActiveCfg = Release|Any CPU
		{D519A408-F72A-48A4-9B9A-D2132E023491}.Release|Any CPU.Build.0 = Release|Any CPU
		{DAC18B7D-771F-4C61-A590-C38555C55FEA}.Debug|Any CPU.ActiveCfg = Debug|Any CPU
		{DAC18B7D-771F-4C61-A590-C38555C55FEA}.Debug|Any CPU.Build.0 = Debug|Any CPU
		{DAC18B7D-771F-4C61-A590-C38555C55FEA}.Release|Any CPU.ActiveCfg = Release|Any CPU
		{DAC18B7D-771F-4C61-A590-C38555C55FEA}.Release|Any CPU.Build.0 = Release|Any CPU
		{CE0EBE25-1FE5-4B92-986E-148AFC48167D}.Debug|Any CPU.ActiveCfg = Debug|Any CPU
		{CE0EBE25-1FE5-4B92-986E-148AFC48167D}.Debug|Any CPU.Build.0 = Debug|Any CPU
		{CE0EBE25-1FE5-4B92-986E-148AFC48167D}.Release|Any CPU.ActiveCfg = Release|Any CPU
		{CE0EBE25-1FE5-4B92-986E-148AFC48167D}.Release|Any CPU.Build.0 = Release|Any CPU
		{116B4948-0563-4EB1-8B7C-6A9652ED08E5}.Debug|Any CPU.ActiveCfg = Debug|Any CPU
		{116B4948-0563-4EB1-8B7C-6A9652ED08E5}.Debug|Any CPU.Build.0 = Debug|Any CPU
		{116B4948-0563-4EB1-8B7C-6A9652ED08E5}.Release|Any CPU.ActiveCfg = Release|Any CPU
		{116B4948-0563-4EB1-8B7C-6A9652ED08E5}.Release|Any CPU.Build.0 = Release|Any CPU
		{870EBCCC-A64D-49E6-A80E-1C522E7DFCD3}.Debug|Any CPU.ActiveCfg = Debug|Any CPU
		{870EBCCC-A64D-49E6-A80E-1C522E7DFCD3}.Debug|Any CPU.Build.0 = Debug|Any CPU
		{870EBCCC-A64D-49E6-A80E-1C522E7DFCD3}.Release|Any CPU.ActiveCfg = Release|Any CPU
		{870EBCCC-A64D-49E6-A80E-1C522E7DFCD3}.Release|Any CPU.Build.0 = Release|Any CPU
		{77CF0080-9AEA-4C28-B8CE-61DB0A9A219D}.Debug|Any CPU.ActiveCfg = Debug|Any CPU
		{77CF0080-9AEA-4C28-B8CE-61DB0A9A219D}.Debug|Any CPU.Build.0 = Debug|Any CPU
		{77CF0080-9AEA-4C28-B8CE-61DB0A9A219D}.Release|Any CPU.ActiveCfg = Release|Any CPU
		{77CF0080-9AEA-4C28-B8CE-61DB0A9A219D}.Release|Any CPU.Build.0 = Release|Any CPU
		{4B200A8A-CBBA-426B-B098-1FE998BB54C3}.Debug|Any CPU.ActiveCfg = Debug|Any CPU
		{4B200A8A-CBBA-426B-B098-1FE998BB54C3}.Debug|Any CPU.Build.0 = Debug|Any CPU
		{4B200A8A-CBBA-426B-B098-1FE998BB54C3}.Release|Any CPU.ActiveCfg = Release|Any CPU
		{4B200A8A-CBBA-426B-B098-1FE998BB54C3}.Release|Any CPU.Build.0 = Release|Any CPU
		{2C1C2B01-95F7-4F92-A2AD-B9623B9762FA}.Debug|Any CPU.ActiveCfg = Debug|Any CPU
		{2C1C2B01-95F7-4F92-A2AD-B9623B9762FA}.Debug|Any CPU.Build.0 = Debug|Any CPU
		{2C1C2B01-95F7-4F92-A2AD-B9623B9762FA}.Release|Any CPU.ActiveCfg = Release|Any CPU
		{2C1C2B01-95F7-4F92-A2AD-B9623B9762FA}.Release|Any CPU.Build.0 = Release|Any CPU
		{28D6CBFA-FA42-4EE9-989E-E25F264256A9}.Debug|Any CPU.ActiveCfg = Debug|Any CPU
		{28D6CBFA-FA42-4EE9-989E-E25F264256A9}.Debug|Any CPU.Build.0 = Debug|Any CPU
		{28D6CBFA-FA42-4EE9-989E-E25F264256A9}.Release|Any CPU.ActiveCfg = Release|Any CPU
		{28D6CBFA-FA42-4EE9-989E-E25F264256A9}.Release|Any CPU.Build.0 = Release|Any CPU
		{35F9A61E-B780-49B6-9503-28C7BB3B585B}.Debug|Any CPU.ActiveCfg = Debug|Any CPU
		{35F9A61E-B780-49B6-9503-28C7BB3B585B}.Debug|Any CPU.Build.0 = Debug|Any CPU
		{35F9A61E-B780-49B6-9503-28C7BB3B585B}.Release|Any CPU.ActiveCfg = Release|Any CPU
		{35F9A61E-B780-49B6-9503-28C7BB3B585B}.Release|Any CPU.Build.0 = Release|Any CPU
		{1030462A-E35A-4961-9103-A96EC02AF363}.Debug|Any CPU.ActiveCfg = Debug|Any CPU
		{1030462A-E35A-4961-9103-A96EC02AF363}.Debug|Any CPU.Build.0 = Debug|Any CPU
		{1030462A-E35A-4961-9103-A96EC02AF363}.Release|Any CPU.ActiveCfg = Release|Any CPU
		{1030462A-E35A-4961-9103-A96EC02AF363}.Release|Any CPU.Build.0 = Release|Any CPU
		{38BDE365-9AD9-4370-A883-6395EB0881CB}.Debug|Any CPU.ActiveCfg = Debug|Any CPU
		{38BDE365-9AD9-4370-A883-6395EB0881CB}.Debug|Any CPU.Build.0 = Debug|Any CPU
		{38BDE365-9AD9-4370-A883-6395EB0881CB}.Release|Any CPU.ActiveCfg = Release|Any CPU
		{38BDE365-9AD9-4370-A883-6395EB0881CB}.Release|Any CPU.Build.0 = Release|Any CPU
		{7110A223-17F1-4109-8341-FBED60467A1E}.Debug|Any CPU.ActiveCfg = Debug|Any CPU
		{7110A223-17F1-4109-8341-FBED60467A1E}.Debug|Any CPU.Build.0 = Debug|Any CPU
		{7110A223-17F1-4109-8341-FBED60467A1E}.Release|Any CPU.ActiveCfg = Release|Any CPU
		{7110A223-17F1-4109-8341-FBED60467A1E}.Release|Any CPU.Build.0 = Release|Any CPU
		{5F9D9A11-1FD1-4023-8EC9-1A832EEE17F3}.Debug|Any CPU.ActiveCfg = Debug|Any CPU
		{5F9D9A11-1FD1-4023-8EC9-1A832EEE17F3}.Debug|Any CPU.Build.0 = Debug|Any CPU
		{5F9D9A11-1FD1-4023-8EC9-1A832EEE17F3}.Release|Any CPU.ActiveCfg = Release|Any CPU
		{5F9D9A11-1FD1-4023-8EC9-1A832EEE17F3}.Release|Any CPU.Build.0 = Release|Any CPU
		{F2DD15DA-9955-4939-8156-D874FBD76402}.Debug|Any CPU.ActiveCfg = Debug|Any CPU
		{F2DD15DA-9955-4939-8156-D874FBD76402}.Debug|Any CPU.Build.0 = Debug|Any CPU
		{F2DD15DA-9955-4939-8156-D874FBD76402}.Release|Any CPU.ActiveCfg = Release|Any CPU
		{F2DD15DA-9955-4939-8156-D874FBD76402}.Release|Any CPU.Build.0 = Release|Any CPU
		{333A7AE9-2158-4506-B5F1-5B4055CE87C5}.Debug|Any CPU.ActiveCfg = Debug|Any CPU
		{333A7AE9-2158-4506-B5F1-5B4055CE87C5}.Debug|Any CPU.Build.0 = Debug|Any CPU
		{333A7AE9-2158-4506-B5F1-5B4055CE87C5}.Release|Any CPU.ActiveCfg = Release|Any CPU
		{333A7AE9-2158-4506-B5F1-5B4055CE87C5}.Release|Any CPU.Build.0 = Release|Any CPU
		{0CA89553-0901-42F8-A108-395096A612AB}.Debug|Any CPU.ActiveCfg = Debug|Any CPU
		{0CA89553-0901-42F8-A108-395096A612AB}.Debug|Any CPU.Build.0 = Debug|Any CPU
		{0CA89553-0901-42F8-A108-395096A612AB}.Release|Any CPU.ActiveCfg = Release|Any CPU
		{0CA89553-0901-42F8-A108-395096A612AB}.Release|Any CPU.Build.0 = Release|Any CPU
		{DD686841-3833-418D-AAC7-EA822895E5B9}.Debug|Any CPU.ActiveCfg = Debug|Any CPU
		{DD686841-3833-418D-AAC7-EA822895E5B9}.Debug|Any CPU.Build.0 = Debug|Any CPU
		{DD686841-3833-418D-AAC7-EA822895E5B9}.Release|Any CPU.ActiveCfg = Release|Any CPU
		{DD686841-3833-418D-AAC7-EA822895E5B9}.Release|Any CPU.Build.0 = Release|Any CPU
		{ED5EA479-9514-424E-B6E5-36CA20F2E175}.Debug|Any CPU.ActiveCfg = Debug|Any CPU
		{ED5EA479-9514-424E-B6E5-36CA20F2E175}.Debug|Any CPU.Build.0 = Debug|Any CPU
		{ED5EA479-9514-424E-B6E5-36CA20F2E175}.Release|Any CPU.ActiveCfg = Release|Any CPU
		{ED5EA479-9514-424E-B6E5-36CA20F2E175}.Release|Any CPU.Build.0 = Release|Any CPU
		{296C3558-F4E2-479B-AFBB-F34C89065D3D}.Debug|Any CPU.ActiveCfg = Debug|Any CPU
		{296C3558-F4E2-479B-AFBB-F34C89065D3D}.Debug|Any CPU.Build.0 = Debug|Any CPU
		{296C3558-F4E2-479B-AFBB-F34C89065D3D}.Release|Any CPU.ActiveCfg = Release|Any CPU
		{296C3558-F4E2-479B-AFBB-F34C89065D3D}.Release|Any CPU.Build.0 = Release|Any CPU
		{A26E88E6-23A7-4449-AF0E-45F9BCAF15C1}.Debug|Any CPU.ActiveCfg = Debug|Any CPU
		{A26E88E6-23A7-4449-AF0E-45F9BCAF15C1}.Debug|Any CPU.Build.0 = Debug|Any CPU
		{A26E88E6-23A7-4449-AF0E-45F9BCAF15C1}.Release|Any CPU.ActiveCfg = Release|Any CPU
		{A26E88E6-23A7-4449-AF0E-45F9BCAF15C1}.Release|Any CPU.Build.0 = Release|Any CPU
		{622EB834-1F74-4CE8-BF9E-F4B91F0732FB}.Debug|Any CPU.ActiveCfg = Debug|Any CPU
		{622EB834-1F74-4CE8-BF9E-F4B91F0732FB}.Debug|Any CPU.Build.0 = Debug|Any CPU
		{622EB834-1F74-4CE8-BF9E-F4B91F0732FB}.Release|Any CPU.ActiveCfg = Release|Any CPU
		{622EB834-1F74-4CE8-BF9E-F4B91F0732FB}.Release|Any CPU.Build.0 = Release|Any CPU
		{DEF9821C-B3E7-4289-834B-6174F071D7A1}.Debug|Any CPU.ActiveCfg = Debug|Any CPU
		{DEF9821C-B3E7-4289-834B-6174F071D7A1}.Debug|Any CPU.Build.0 = Debug|Any CPU
		{DEF9821C-B3E7-4289-834B-6174F071D7A1}.Release|Any CPU.ActiveCfg = Release|Any CPU
		{DEF9821C-B3E7-4289-834B-6174F071D7A1}.Release|Any CPU.Build.0 = Release|Any CPU
		{1E1DF5F8-8C77-4EA1-971D-E275621352E7}.Debug|Any CPU.ActiveCfg = Debug|Any CPU
		{1E1DF5F8-8C77-4EA1-971D-E275621352E7}.Debug|Any CPU.Build.0 = Debug|Any CPU
		{1E1DF5F8-8C77-4EA1-971D-E275621352E7}.Release|Any CPU.ActiveCfg = Release|Any CPU
		{1E1DF5F8-8C77-4EA1-971D-E275621352E7}.Release|Any CPU.Build.0 = Release|Any CPU
		{C58D6432-00F5-4F48-8133-9A508358E1A3}.Debug|Any CPU.ActiveCfg = Debug|Any CPU
		{C58D6432-00F5-4F48-8133-9A508358E1A3}.Debug|Any CPU.Build.0 = Debug|Any CPU
		{C58D6432-00F5-4F48-8133-9A508358E1A3}.Release|Any CPU.ActiveCfg = Release|Any CPU
		{C58D6432-00F5-4F48-8133-9A508358E1A3}.Release|Any CPU.Build.0 = Release|Any CPU
		{7489E16D-6F0A-45C6-8E52-4CF7FC4BC556}.Debug|Any CPU.ActiveCfg = Debug|Any CPU
		{7489E16D-6F0A-45C6-8E52-4CF7FC4BC556}.Debug|Any CPU.Build.0 = Debug|Any CPU
		{7489E16D-6F0A-45C6-8E52-4CF7FC4BC556}.Release|Any CPU.ActiveCfg = Release|Any CPU
		{7489E16D-6F0A-45C6-8E52-4CF7FC4BC556}.Release|Any CPU.Build.0 = Release|Any CPU
		{46AA222B-F34E-4552-A6F9-7B679D6BFF31}.Debug|Any CPU.ActiveCfg = Debug|Any CPU
		{46AA222B-F34E-4552-A6F9-7B679D6BFF31}.Debug|Any CPU.Build.0 = Debug|Any CPU
		{46AA222B-F34E-4552-A6F9-7B679D6BFF31}.Release|Any CPU.ActiveCfg = Release|Any CPU
		{46AA222B-F34E-4552-A6F9-7B679D6BFF31}.Release|Any CPU.Build.0 = Release|Any CPU
	EndGlobalSection
	GlobalSection(SolutionProperties) = preSolution
		HideSolutionNode = FALSE
	EndGlobalSection
	GlobalSection(NestedProjects) = preSolution
		{D519A408-F72A-48A4-9B9A-D2132E023491} = {4C2051F5-D880-4C53-A601-74E9C86FA859}
		{DAC18B7D-771F-4C61-A590-C38555C55FEA} = {4C2051F5-D880-4C53-A601-74E9C86FA859}
		{CE0EBE25-1FE5-4B92-986E-148AFC48167D} = {4C2051F5-D880-4C53-A601-74E9C86FA859}
		{C4D57980-0367-4AB5-99D5-7700BD699DC6} = {171709E9-ADFC-4398-804F-34E05F44E1AC}
		{116B4948-0563-4EB1-8B7C-6A9652ED08E5} = {C4D57980-0367-4AB5-99D5-7700BD699DC6}
		{870EBCCC-A64D-49E6-A80E-1C522E7DFCD3} = {C4D57980-0367-4AB5-99D5-7700BD699DC6}
		{77CF0080-9AEA-4C28-B8CE-61DB0A9A219D} = {C4D57980-0367-4AB5-99D5-7700BD699DC6}
		{4C2051F5-D880-4C53-A601-74E9C86FA859} = {171709E9-ADFC-4398-804F-34E05F44E1AC}
		{2C1C2B01-95F7-4F92-A2AD-B9623B9762FA} = {64778AA7-BAD5-411F-A882-34E931F2379A}
		{28D6CBFA-FA42-4EE9-989E-E25F264256A9} = {64778AA7-BAD5-411F-A882-34E931F2379A}
		{35F9A61E-B780-49B6-9503-28C7BB3B585B} = {64778AA7-BAD5-411F-A882-34E931F2379A}
		{35C2AF94-6479-458E-9DDC-DDEB006BB5BF} = {171709E9-ADFC-4398-804F-34E05F44E1AC}
		{38BDE365-9AD9-4370-A883-6395EB0881CB} = {171709E9-ADFC-4398-804F-34E05F44E1AC}
		{7110A223-17F1-4109-8341-FBED60467A1E} = {64778AA7-BAD5-411F-A882-34E931F2379A}
		{5F9D9A11-1FD1-4023-8EC9-1A832EEE17F3} = {35C2AF94-6479-458E-9DDC-DDEB006BB5BF}
		{F2DD15DA-9955-4939-8156-D874FBD76402} = {35C2AF94-6479-458E-9DDC-DDEB006BB5BF}
		{333A7AE9-2158-4506-B5F1-5B4055CE87C5} = {35C2AF94-6479-458E-9DDC-DDEB006BB5BF}
		{0CA89553-0901-42F8-A108-395096A612AB} = {35C2AF94-6479-458E-9DDC-DDEB006BB5BF}
		{DD686841-3833-418D-AAC7-EA822895E5B9} = {64778AA7-BAD5-411F-A882-34E931F2379A}
		{296C3558-F4E2-479B-AFBB-F34C89065D3D} = {35C2AF94-6479-458E-9DDC-DDEB006BB5BF}
		{A26E88E6-23A7-4449-AF0E-45F9BCAF15C1} = {64778AA7-BAD5-411F-A882-34E931F2379A}
		{622EB834-1F74-4CE8-BF9E-F4B91F0732FB} = {35C2AF94-6479-458E-9DDC-DDEB006BB5BF}
		{DEF9821C-B3E7-4289-834B-6174F071D7A1} = {64778AA7-BAD5-411F-A882-34E931F2379A}
		{1E1DF5F8-8C77-4EA1-971D-E275621352E7} = {35C2AF94-6479-458E-9DDC-DDEB006BB5BF}
		{C58D6432-00F5-4F48-8133-9A508358E1A3} = {35C2AF94-6479-458E-9DDC-DDEB006BB5BF}
		{7489E16D-6F0A-45C6-8E52-4CF7FC4BC556} = {64778AA7-BAD5-411F-A882-34E931F2379A}
		{46AA222B-F34E-4552-A6F9-7B679D6BFF31} = {35C2AF94-6479-458E-9DDC-DDEB006BB5BF}
	EndGlobalSection
	GlobalSection(ExtensibilityGlobals) = postSolution
		SolutionGuid = {8F2A32CB-876D-42BD-86E0-7215B9FD1E26}
	EndGlobalSection
EndGlobal
